
Microsoft Visual Studio Solution File, Format Version 12.00
# Visual Studio Version 16
VisualStudioVersion = 16.0.33927.289
MinimumVisualStudioVersion = 10.0.40219.1
Project("{2150E333-8FDC-42A3-9474-1A3956D46DE8}") = "Task0", "Task0", "{483DD75F-5D8A-4C2F-B1CC-E495A8098139}"
EndProject
Project("{FAE04EC0-301F-11D3-BF4B-00C04F79EFBC}") = "Tyuiu.VdovichenkoAI.Sprint4.Task0.V1", "Tyuiu.VdovichenkoAI.Sprint4.Task0.V1\Tyuiu.VdovichenkoAI.Sprint4.Task0.V1.csproj", "{0CF6E82E-8CA0-42E9-B3DC-3EE4BC898A67}"
EndProject
Project("{FAE04EC0-301F-11D3-BF4B-00C04F79EFBC}") = "Tyuiu.VdovichenkoAI.Sprint4.Task0.V1.Lib", "Tyuiu.VdovichenkoAI.Sprint4.Task0.V1.Lib\Tyuiu.VdovichenkoAI.Sprint4.Task0.V1.Lib.csproj", "{C368389E-D26B-4264-B3F1-AA954BBD69A7}"
EndProject
Project("{FAE04EC0-301F-11D3-BF4B-00C04F79EFBC}") = "Tyuiu.VdovichenkoAI.Sprint4.Task0.V1.Test", "Tyuiu.VdovichenkoAI.Sprint4.Task0.V1.Test\Tyuiu.VdovichenkoAI.Sprint4.Task0.V1.Test.csproj", "{051FE2C6-27F5-478F-842C-6260A042F291}"
EndProject
Project("{2150E333-8FDC-42A3-9474-1A3956D46DE8}") = "Task1", "Task1", "{E1BF5CA2-A7F2-4656-B346-3A704DB1ECD6}"
EndProject
Project("{FAE04EC0-301F-11D3-BF4B-00C04F79EFBC}") = "Tyuiu.VdovichenkoAI.Sprint4.Task1.V26", "Tyuiu.VdovichenkoAI.Sprint4.Task1.V26\Tyuiu.VdovichenkoAI.Sprint4.Task1.V26.csproj", "{39FAA6E8-4659-4BE5-9F0A-1803419D6182}"
EndProject
Project("{FAE04EC0-301F-11D3-BF4B-00C04F79EFBC}") = "Tyuiu.VdovichenkoAI.Sprint4.Task1.V26.Lib", "Tyuiu.VdovichenkoAI.Sprint4.Task1.V26.Lib\Tyuiu.VdovichenkoAI.Sprint4.Task1.V26.Lib.csproj", "{1E5CDE3F-425E-4212-880B-5DDC6B6F22C1}"
EndProject
Project("{FAE04EC0-301F-11D3-BF4B-00C04F79EFBC}") = "Tyuiu.VdovichenkoAI.Sprint4.Task1.V26.Test", "Tyuiu.VdovichenkoAI.Sprint4.Task1.V26.Test\Tyuiu.VdovichenkoAI.Sprint4.Task1.V26.Test.csproj", "{68E7C9D2-9EA2-48EA-AF91-C7FDA0F8378A}"
EndProject
Project("{2150E333-8FDC-42A3-9474-1A3956D46DE8}") = "Task2", "Task2", "{5C640C09-5610-4A38-B9D9-F28C14FE06CB}"
EndProject
Project("{FAE04EC0-301F-11D3-BF4B-00C04F79EFBC}") = "Tyuiu.VdovichenkoAI.Sprint4.Task2.V4", "Tyuiu.VdovichenkoAI.Sprint4.Task2.V4\Tyuiu.VdovichenkoAI.Sprint4.Task2.V4.csproj", "{25149D17-9A7A-4196-9918-F88D91ABF2FF}"
EndProject
Project("{FAE04EC0-301F-11D3-BF4B-00C04F79EFBC}") = "Tyuiu.VdovichenkoAI.Sprint4.Task2.V4.Lib", "Tyuiu.VdovichenkoAI.Sprint4.Task2.V4.Lib\Tyuiu.VdovichenkoAI.Sprint4.Task2.V4.Lib.csproj", "{B934DEF4-C700-4060-A2F2-67D868A41A83}"
EndProject
Project("{FAE04EC0-301F-11D3-BF4B-00C04F79EFBC}") = "Tyuiu.VdovichenkoAI.Sprint4.Task2.V4.Test", "Tyuiu.VdovichenkoAI.Sprint4.Task2.V4.Test\Tyuiu.VdovichenkoAI.Sprint4.Task2.V4.Test.csproj", "{E2A64479-9BD5-4B22-B41D-E3C09660AEFC}"
EndProject
Project("{2150E333-8FDC-42A3-9474-1A3956D46DE8}") = "Task3", "Task3", "{714A6798-CDF3-44FD-8CDD-FC29FA311159}"
EndProject
Project("{FAE04EC0-301F-11D3-BF4B-00C04F79EFBC}") = "Tyuiu.VdovichenkoAI.Sprint4.Task3.V9", "Tyuiu.VdovichenkoAI.Sprint4.Task3.V9\Tyuiu.VdovichenkoAI.Sprint4.Task3.V9.csproj", "{8AFEE425-840F-44B2-B798-21C39709AB92}"
EndProject
Project("{FAE04EC0-301F-11D3-BF4B-00C04F79EFBC}") = "Tyuiu.VdovichenkoAI.Sprint4.Task3.V9.Lib", "Tyuiu.VdovichenkoAI.Sprint4.Task3.V9.Lib\Tyuiu.VdovichenkoAI.Sprint4.Task3.V9.Lib.csproj", "{7AC042C1-21F6-45DA-9F43-B87AE567BA02}"
EndProject
Project("{FAE04EC0-301F-11D3-BF4B-00C04F79EFBC}") = "Tyuiu.VdovichenkoAI.Sprint4.Task3.V9.Test", "Tyuiu.VdovichenkoAI.Sprint4.Task3.V9.Test\Tyuiu.VdovichenkoAI.Sprint4.Task3.V9.Test.csproj", "{EA2E220A-2248-483B-A693-C2D2AA533D91}"
EndProject
Project("{2150E333-8FDC-42A3-9474-1A3956D46DE8}") = "Task4", "Task4", "{E142BA7D-C08A-4DF1-8115-E38AD613D0FD}"
EndProject
Project("{FAE04EC0-301F-11D3-BF4B-00C04F79EFBC}") = "Tyuiu.VdovichenkoAI.Sprint4.Task4.V26", "Tyuiu.VdovichenkoAI.Sprint4.Task4.V26\Tyuiu.VdovichenkoAI.Sprint4.Task4.V26.csproj", "{53C24B98-BC2B-46F3-AF87-7ADA49993953}"
EndProject
Project("{FAE04EC0-301F-11D3-BF4B-00C04F79EFBC}") = "Tyuiu.VdovichenkoAI.Sprint4.Task4.V26.Lib", "Tyuiu.VdovichenkoAI.Sprint4.Task4.V26.Lib\Tyuiu.VdovichenkoAI.Sprint4.Task4.V26.Lib.csproj", "{82E65CC6-1E18-4751-8014-4D1A239137B2}"
EndProject
Project("{FAE04EC0-301F-11D3-BF4B-00C04F79EFBC}") = "Tyuiu.VdovichenkoAI.Sprint4.Task4.V26.Test", "Tyuiu.VdovichenkoAI.Sprint4.Task4.V26.Test\Tyuiu.VdovichenkoAI.Sprint4.Task4.V26.Test.csproj", "{3F0429D6-2BFE-47A3-B95D-D08E0CCB87FA}"
EndProject
Project("{2150E333-8FDC-42A3-9474-1A3956D46DE8}") = "Task5", "Task5", "{A22E5A98-D9D8-499F-A085-50D67ED8EAEE}"
EndProject
Project("{FAE04EC0-301F-11D3-BF4B-00C04F79EFBC}") = "Tyuiu.VdovichenkoAI.Sprint4.Task5.V10", "Tyuiu.VdovichenkoAI.Sprint4.Task5.V10\Tyuiu.VdovichenkoAI.Sprint4.Task5.V10.csproj", "{D66B735E-8BFE-479E-B424-51C19CB3CBA8}"
EndProject
Project("{FAE04EC0-301F-11D3-BF4B-00C04F79EFBC}") = "Tyuiu.VdovichenkoAI.Sprint4.Task5.V10.Lib", "Tyuiu.VdovichenkoAI.Sprint4.Task5.V10.Lib\Tyuiu.VdovichenkoAI.Sprint4.Task5.V10.Lib.csproj", "{3D05037B-6B26-42B6-A849-D9A31D873378}"
EndProject
Project("{FAE04EC0-301F-11D3-BF4B-00C04F79EFBC}") = "Tyuiu.VdovichenkoAI.Sprint4.Task5.V10.Test", "Tyuiu.VdovichenkoAI.Sprint4.Task5.V10.Test\Tyuiu.VdovichenkoAI.Sprint4.Task5.V10.Test.csproj", "{B8AB52AC-1420-4DB7-8855-DEF8912FDEF1}"
EndProject
Project("{2150E333-8FDC-42A3-9474-1A3956D46DE8}") = "Task6", "Task6", "{D2427759-AFD9-44B1-B461-58CB83964A6F}"
EndProject
Project("{FAE04EC0-301F-11D3-BF4B-00C04F79EFBC}") = "Tyuiu.VdovichenkoAI.Sprint4.Task6.V6", "Tyuiu.VdovichenkoAI.Sprint4.Task6.V6\Tyuiu.VdovichenkoAI.Sprint4.Task6.V6.csproj", "{D97C854E-1225-43C4-ABB0-A6B1215A899B}"
EndProject
Project("{FAE04EC0-301F-11D3-BF4B-00C04F79EFBC}") = "Tyuiu.VdovichenkoAI.Sprint4.Task6.V6.Lib", "Tyuiu.VdovichenkoAI.Sprint4.Task6.V6.Lib\Tyuiu.VdovichenkoAI.Sprint4.Task6.V6.Lib.csproj", "{4CD18824-F942-4385-80BD-C7073673D237}"
EndProject
Project("{FAE04EC0-301F-11D3-BF4B-00C04F79EFBC}") = "Tyuiu.VdovichenkoAI.Sprint4.Task6.V6.Test", "Tyuiu.VdovichenkoAI.Sprint4.Task6.V6.Test\Tyuiu.VdovichenkoAI.Sprint4.Task6.V6.Test.csproj", "{042DA6B7-9F01-4EEA-A788-0154AC0C472B}"
EndProject
Project("{2150E333-8FDC-42A3-9474-1A3956D46DE8}") = "Task7", "Task7", "{4B935B1B-88A5-4870-A590-A30991875139}"
EndProject
Project("{FAE04EC0-301F-11D3-BF4B-00C04F79EFBC}") = "Tyuiu.VdovichenkoAI.Sprint4.Task7.V2", "Tyuiu.VdovichenkoAI.Sprint4.Task7.V2\Tyuiu.VdovichenkoAI.Sprint4.Task7.V2.csproj", "{6B08C68B-4229-4FC0-95E5-5D04FCDF43FD}"
EndProject
Project("{FAE04EC0-301F-11D3-BF4B-00C04F79EFBC}") = "Tyuiu.VdovichenkoAI.Sprint4.Task7.V2.Lib", "Tyuiu.VdovichenkoAI.Sprint4.Task7.V2.Lib\Tyuiu.VdovichenkoAI.Sprint4.Task7.V2.Lib.csproj", "{B9C52474-2383-4949-A45F-29E20E8AD514}"
EndProject
Project("{FAE04EC0-301F-11D3-BF4B-00C04F79EFBC}") = "Tyuiu.VdovichenkoAI.Sprint4.Task7.V2.Test", "Tyuiu.VdovichenkoAI.Sprint4.Task7.V2.Test\Tyuiu.VdovichenkoAI.Sprint4.Task7.V2.Test.csproj", "{6519C86F-F8A7-4D5E-B228-9429B756D822}"
EndProject
Global
	GlobalSection(SolutionConfigurationPlatforms) = preSolution
		Debug|Any CPU = Debug|Any CPU
		Release|Any CPU = Release|Any CPU
	EndGlobalSection
	GlobalSection(ProjectConfigurationPlatforms) = postSolution
		{0CF6E82E-8CA0-42E9-B3DC-3EE4BC898A67}.Debug|Any CPU.ActiveCfg = Debug|Any CPU
		{0CF6E82E-8CA0-42E9-B3DC-3EE4BC898A67}.Debug|Any CPU.Build.0 = Debug|Any CPU
		{0CF6E82E-8CA0-42E9-B3DC-3EE4BC898A67}.Release|Any CPU.ActiveCfg = Release|Any CPU
		{0CF6E82E-8CA0-42E9-B3DC-3EE4BC898A67}.Release|Any CPU.Build.0 = Release|Any CPU
		{C368389E-D26B-4264-B3F1-AA954BBD69A7}.Debug|Any CPU.ActiveCfg = Debug|Any CPU
		{C368389E-D26B-4264-B3F1-AA954BBD69A7}.Debug|Any CPU.Build.0 = Debug|Any CPU
		{C368389E-D26B-4264-B3F1-AA954BBD69A7}.Release|Any CPU.ActiveCfg = Release|Any CPU
		{C368389E-D26B-4264-B3F1-AA954BBD69A7}.Release|Any CPU.Build.0 = Release|Any CPU
		{051FE2C6-27F5-478F-842C-6260A042F291}.Debug|Any CPU.ActiveCfg = Debug|Any CPU
		{051FE2C6-27F5-478F-842C-6260A042F291}.Debug|Any CPU.Build.0 = Debug|Any CPU
		{051FE2C6-27F5-478F-842C-6260A042F291}.Release|Any CPU.ActiveCfg = Release|Any CPU
		{051FE2C6-27F5-478F-842C-6260A042F291}.Release|Any CPU.Build.0 = Release|Any CPU
		{39FAA6E8-4659-4BE5-9F0A-1803419D6182}.Debug|Any CPU.ActiveCfg = Debug|Any CPU
		{39FAA6E8-4659-4BE5-9F0A-1803419D6182}.Debug|Any CPU.Build.0 = Debug|Any CPU
		{39FAA6E8-4659-4BE5-9F0A-1803419D6182}.Release|Any CPU.ActiveCfg = Release|Any CPU
		{39FAA6E8-4659-4BE5-9F0A-1803419D6182}.Release|Any CPU.Build.0 = Release|Any CPU
		{1E5CDE3F-425E-4212-880B-5DDC6B6F22C1}.Debug|Any CPU.ActiveCfg = Debug|Any CPU
		{1E5CDE3F-425E-4212-880B-5DDC6B6F22C1}.Debug|Any CPU.Build.0 = Debug|Any CPU
		{1E5CDE3F-425E-4212-880B-5DDC6B6F22C1}.Release|Any CPU.ActiveCfg = Release|Any CPU
		{1E5CDE3F-425E-4212-880B-5DDC6B6F22C1}.Release|Any CPU.Build.0 = Release|Any CPU
		{68E7C9D2-9EA2-48EA-AF91-C7FDA0F8378A}.Debug|Any CPU.ActiveCfg = Debug|Any CPU
		{68E7C9D2-9EA2-48EA-AF91-C7FDA0F8378A}.Debug|Any CPU.Build.0 = Debug|Any CPU
		{68E7C9D2-9EA2-48EA-AF91-C7FDA0F8378A}.Release|Any CPU.ActiveCfg = Release|Any CPU
		{68E7C9D2-9EA2-48EA-AF91-C7FDA0F8378A}.Release|Any CPU.Build.0 = Release|Any CPU
		{25149D17-9A7A-4196-9918-F88D91ABF2FF}.Debug|Any CPU.ActiveCfg = Debug|Any CPU
		{25149D17-9A7A-4196-9918-F88D91ABF2FF}.Debug|Any CPU.Build.0 = Debug|Any CPU
		{25149D17-9A7A-4196-9918-F88D91ABF2FF}.Release|Any CPU.ActiveCfg = Release|Any CPU
		{25149D17-9A7A-4196-9918-F88D91ABF2FF}.Release|Any CPU.Build.0 = Release|Any CPU
		{B934DEF4-C700-4060-A2F2-67D868A41A83}.Debug|Any CPU.ActiveCfg = Debug|Any CPU
		{B934DEF4-C700-4060-A2F2-67D868A41A83}.Debug|Any CPU.Build.0 = Debug|Any CPU
		{B934DEF4-C700-4060-A2F2-67D868A41A83}.Release|Any CPU.ActiveCfg = Release|Any CPU
		{B934DEF4-C700-4060-A2F2-67D868A41A83}.Release|Any CPU.Build.0 = Release|Any CPU
		{E2A64479-9BD5-4B22-B41D-E3C09660AEFC}.Debug|Any CPU.ActiveCfg = Debug|Any CPU
		{E2A64479-9BD5-4B22-B41D-E3C09660AEFC}.Debug|Any CPU.Build.0 = Debug|Any CPU
		{E2A64479-9BD5-4B22-B41D-E3C09660AEFC}.Release|Any CPU.ActiveCfg = Release|Any CPU
		{E2A64479-9BD5-4B22-B41D-E3C09660AEFC}.Release|Any CPU.Build.0 = Release|Any CPU
		{8AFEE425-840F-44B2-B798-21C39709AB92}.Debug|Any CPU.ActiveCfg = Debug|Any CPU
		{8AFEE425-840F-44B2-B798-21C39709AB92}.Debug|Any CPU.Build.0 = Debug|Any CPU
		{8AFEE425-840F-44B2-B798-21C39709AB92}.Release|Any CPU.ActiveCfg = Release|Any CPU
		{8AFEE425-840F-44B2-B798-21C39709AB92}.Release|Any CPU.Build.0 = Release|Any CPU
		{7AC042C1-21F6-45DA-9F43-B87AE567BA02}.Debug|Any CPU.ActiveCfg = Debug|Any CPU
		{7AC042C1-21F6-45DA-9F43-B87AE567BA02}.Debug|Any CPU.Build.0 = Debug|Any CPU
		{7AC042C1-21F6-45DA-9F43-B87AE567BA02}.Release|Any CPU.ActiveCfg = Release|Any CPU
		{7AC042C1-21F6-45DA-9F43-B87AE567BA02}.Release|Any CPU.Build.0 = Release|Any CPU
		{EA2E220A-2248-483B-A693-C2D2AA533D91}.Debug|Any CPU.ActiveCfg = Debug|Any CPU
		{EA2E220A-2248-483B-A693-C2D2AA533D91}.Debug|Any CPU.Build.0 = Debug|Any CPU
		{EA2E220A-2248-483B-A693-C2D2AA533D91}.Release|Any CPU.ActiveCfg = Release|Any CPU
		{EA2E220A-2248-483B-A693-C2D2AA533D91}.Release|Any CPU.Build.0 = Release|Any CPU
		{53C24B98-BC2B-46F3-AF87-7ADA49993953}.Debug|Any CPU.ActiveCfg = Debug|Any CPU
		{53C24B98-BC2B-46F3-AF87-7ADA49993953}.Debug|Any CPU.Build.0 = Debug|Any CPU
		{53C24B98-BC2B-46F3-AF87-7ADA49993953}.Release|Any CPU.ActiveCfg = Release|Any CPU
		{53C24B98-BC2B-46F3-AF87-7ADA49993953}.Release|Any CPU.Build.0 = Release|Any CPU
		{82E65CC6-1E18-4751-8014-4D1A239137B2}.Debug|Any CPU.ActiveCfg = Debug|Any CPU
		{82E65CC6-1E18-4751-8014-4D1A239137B2}.Debug|Any CPU.Build.0 = Debug|Any CPU
		{82E65CC6-1E18-4751-8014-4D1A239137B2}.Release|Any CPU.ActiveCfg = Release|Any CPU
		{82E65CC6-1E18-4751-8014-4D1A239137B2}.Release|Any CPU.Build.0 = Release|Any CPU
		{3F0429D6-2BFE-47A3-B95D-D08E0CCB87FA}.Debug|Any CPU.ActiveCfg = Debug|Any CPU
		{3F0429D6-2BFE-47A3-B95D-D08E0CCB87FA}.Debug|Any CPU.Build.0 = Debug|Any CPU
		{3F0429D6-2BFE-47A3-B95D-D08E0CCB87FA}.Release|Any CPU.ActiveCfg = Release|Any CPU
		{3F0429D6-2BFE-47A3-B95D-D08E0CCB87FA}.Release|Any CPU.Build.0 = Release|Any CPU
		{D66B735E-8BFE-479E-B424-51C19CB3CBA8}.Debug|Any CPU.ActiveCfg = Debug|Any CPU
		{D66B735E-8BFE-479E-B424-51C19CB3CBA8}.Debug|Any CPU.Build.0 = Debug|Any CPU
		{D66B735E-8BFE-479E-B424-51C19CB3CBA8}.Release|Any CPU.ActiveCfg = Release|Any CPU
		{D66B735E-8BFE-479E-B424-51C19CB3CBA8}.Release|Any CPU.Build.0 = Release|Any CPU
		{3D05037B-6B26-42B6-A849-D9A31D873378}.Debug|Any CPU.ActiveCfg = Debug|Any CPU
		{3D05037B-6B26-42B6-A849-D9A31D873378}.Debug|Any CPU.Build.0 = Debug|Any CPU
		{3D05037B-6B26-42B6-A849-D9A31D873378}.Release|Any CPU.ActiveCfg = Release|Any CPU
		{3D05037B-6B26-42B6-A849-D9A31D873378}.Release|Any CPU.Build.0 = Release|Any CPU
		{B8AB52AC-1420-4DB7-8855-DEF8912FDEF1}.Debug|Any CPU.ActiveCfg = Debug|Any CPU
		{B8AB52AC-1420-4DB7-8855-DEF8912FDEF1}.Debug|Any CPU.Build.0 = Debug|Any CPU
		{B8AB52AC-1420-4DB7-8855-DEF8912FDEF1}.Release|Any CPU.ActiveCfg = Release|Any CPU
		{B8AB52AC-1420-4DB7-8855-DEF8912FDEF1}.Release|Any CPU.Build.0 = Release|Any CPU
		{D97C854E-1225-43C4-ABB0-A6B1215A899B}.Debug|Any CPU.ActiveCfg = Debug|Any CPU
		{D97C854E-1225-43C4-ABB0-A6B1215A899B}.Debug|Any CPU.Build.0 = Debug|Any CPU
		{D97C854E-1225-43C4-ABB0-A6B1215A899B}.Release|Any CPU.ActiveCfg = Release|Any CPU
		{D97C854E-1225-43C4-ABB0-A6B1215A899B}.Release|Any CPU.Build.0 = Release|Any CPU
		{4CD18824-F942-4385-80BD-C7073673D237}.Debug|Any CPU.ActiveCfg = Debug|Any CPU
		{4CD18824-F942-4385-80BD-C7073673D237}.Debug|Any CPU.Build.0 = Debug|Any CPU
		{4CD18824-F942-4385-80BD-C7073673D237}.Release|Any CPU.ActiveCfg = Release|Any CPU
		{4CD18824-F942-4385-80BD-C7073673D237}.Release|Any CPU.Build.0 = Release|Any CPU
		{042DA6B7-9F01-4EEA-A788-0154AC0C472B}.Debug|Any CPU.ActiveCfg = Debug|Any CPU
		{042DA6B7-9F01-4EEA-A788-0154AC0C472B}.Debug|Any CPU.Build.0 = Debug|Any CPU
		{042DA6B7-9F01-4EEA-A788-0154AC0C472B}.Release|Any CPU.ActiveCfg = Release|Any CPU
		{042DA6B7-9F01-4EEA-A788-0154AC0C472B}.Release|Any CPU.Build.0 = Release|Any CPU
		{6B08C68B-4229-4FC0-95E5-5D04FCDF43FD}.Debug|Any CPU.ActiveCfg = Debug|Any CPU
		{6B08C68B-4229-4FC0-95E5-5D04FCDF43FD}.Debug|Any CPU.Build.0 = Debug|Any CPU
		{6B08C68B-4229-4FC0-95E5-5D04FCDF43FD}.Release|Any CPU.ActiveCfg = Release|Any CPU
		{6B08C68B-4229-4FC0-95E5-5D04FCDF43FD}.Release|Any CPU.Build.0 = Release|Any CPU
		{B9C52474-2383-4949-A45F-29E20E8AD514}.Debug|Any CPU.ActiveCfg = Debug|Any CPU
		{B9C52474-2383-4949-A45F-29E20E8AD514}.Debug|Any CPU.Build.0 = Debug|Any CPU
		{B9C52474-2383-4949-A45F-29E20E8AD514}.Release|Any CPU.ActiveCfg = Release|Any CPU
		{B9C52474-2383-4949-A45F-29E20E8AD514}.Release|Any CPU.Build.0 = Release|Any CPU
		{6519C86F-F8A7-4D5E-B228-9429B756D822}.Debug|Any CPU.ActiveCfg = Debug|Any CPU
		{6519C86F-F8A7-4D5E-B228-9429B756D822}.Debug|Any CPU.Build.0 = Debug|Any CPU
		{6519C86F-F8A7-4D5E-B228-9429B756D822}.Release|Any CPU.ActiveCfg = Release|Any CPU
		{6519C86F-F8A7-4D5E-B228-9429B756D822}.Release|Any CPU.Build.0 = Release|Any CPU
	EndGlobalSection
	GlobalSection(SolutionProperties) = preSolution
		HideSolutionNode = FALSE
	EndGlobalSection
	GlobalSection(NestedProjects) = preSolution
		{0CF6E82E-8CA0-42E9-B3DC-3EE4BC898A67} = {483DD75F-5D8A-4C2F-B1CC-E495A8098139}
		{C368389E-D26B-4264-B3F1-AA954BBD69A7} = {483DD75F-5D8A-4C2F-B1CC-E495A8098139}
		{051FE2C6-27F5-478F-842C-6260A042F291} = {483DD75F-5D8A-4C2F-B1CC-E495A8098139}
		{39FAA6E8-4659-4BE5-9F0A-1803419D6182} = {E1BF5CA2-A7F2-4656-B346-3A704DB1ECD6}
		{1E5CDE3F-425E-4212-880B-5DDC6B6F22C1} = {E1BF5CA2-A7F2-4656-B346-3A704DB1ECD6}
		{68E7C9D2-9EA2-48EA-AF91-C7FDA0F8378A} = {E1BF5CA2-A7F2-4656-B346-3A704DB1ECD6}
		{25149D17-9A7A-4196-9918-F88D91ABF2FF} = {5C640C09-5610-4A38-B9D9-F28C14FE06CB}
		{B934DEF4-C700-4060-A2F2-67D868A41A83} = {5C640C09-5610-4A38-B9D9-F28C14FE06CB}
		{E2A64479-9BD5-4B22-B41D-E3C09660AEFC} = {5C640C09-5610-4A38-B9D9-F28C14FE06CB}
		{8AFEE425-840F-44B2-B798-21C39709AB92} = {714A6798-CDF3-44FD-8CDD-FC29FA311159}
		{7AC042C1-21F6-45DA-9F43-B87AE567BA02} = {714A6798-CDF3-44FD-8CDD-FC29FA311159}
		{EA2E220A-2248-483B-A693-C2D2AA533D91} = {714A6798-CDF3-44FD-8CDD-FC29FA311159}
		{53C24B98-BC2B-46F3-AF87-7ADA49993953} = {E142BA7D-C08A-4DF1-8115-E38AD613D0FD}
		{82E65CC6-1E18-4751-8014-4D1A239137B2} = {E142BA7D-C08A-4DF1-8115-E38AD613D0FD}
		{3F0429D6-2BFE-47A3-B95D-D08E0CCB87FA} = {E142BA7D-C08A-4DF1-8115-E38AD613D0FD}
		{D66B735E-8BFE-479E-B424-51C19CB3CBA8} = {A22E5A98-D9D8-499F-A085-50D67ED8EAEE}
		{3D05037B-6B26-42B6-A849-D9A31D873378} = {A22E5A98-D9D8-499F-A085-50D67ED8EAEE}
		{B8AB52AC-1420-4DB7-8855-DEF8912FDEF1} = {A22E5A98-D9D8-499F-A085-50D67ED8EAEE}
		{D97C854E-1225-43C4-ABB0-A6B1215A899B} = {D2427759-AFD9-44B1-B461-58CB83964A6F}
		{4CD18824-F942-4385-80BD-C7073673D237} = {D2427759-AFD9-44B1-B461-58CB83964A6F}
		{042DA6B7-9F01-4EEA-A788-0154AC0C472B} = {D2427759-AFD9-44B1-B461-58CB83964A6F}
		{6B08C68B-4229-4FC0-95E5-5D04FCDF43FD} = {4B935B1B-88A5-4870-A590-A30991875139}
		{B9C52474-2383-4949-A45F-29E20E8AD514} = {4B935B1B-88A5-4870-A590-A30991875139}
		{6519C86F-F8A7-4D5E-B228-9429B756D822} = {4B935B1B-88A5-4870-A590-A30991875139}
	EndGlobalSection
	GlobalSection(ExtensibilityGlobals) = postSolution
		SolutionGuid = {BE6E22E5-F56C-4E30-B6A5-6DA6B2BA6C49}
	EndGlobalSection
EndGlobal
